
Microsoft Visual Studio Solution File, Format Version 12.00
# Visual Studio 15
VisualStudioVersion = 15.0.28307.539
MinimumVisualStudioVersion = 10.0.40219.1
Project("{FAE04EC0-301F-11D3-BF4B-00C04F79EFBC}") = "CitiesByContinentAndCountry", "CitiesByContinentAndCountry\CitiesByContinentAndCountry.csproj", "{E73D1EB8-1938-4943-BFB2-2567D6464632}"
EndProject
Global
	GlobalSection(SolutionConfigurationPlatforms) = preSolution
		Debug|Any CPU = Debug|Any CPU
		Release|Any CPU = Release|Any CPU
	EndGlobalSection
	GlobalSection(ProjectConfigurationPlatforms) = postSolution
		{E73D1EB8-1938-4943-BFB2-2567D6464632}.Debug|Any CPU.ActiveCfg = Debug|Any CPU
		{E73D1EB8-1938-4943-BFB2-2567D6464632}.Debug|Any CPU.Build.0 = Debug|Any CPU
		{E73D1EB8-1938-4943-BFB2-2567D6464632}.Release|Any CPU.ActiveCfg = Release|Any CPU
		{E73D1EB8-1938-4943-BFB2-2567D6464632}.Release|Any CPU.Build.0 = Release|Any CPU
	EndGlobalSection
	GlobalSection(SolutionProperties) = preSolution
		HideSolutionNode = FALSE
	EndGlobalSection
	GlobalSection(ExtensibilityGlobals) = postSolution
		SolutionGuid = {A3BBA899-877C-4426-9DC7-5594EB9B3913}
	EndGlobalSection
EndGlobal
